# THIS IS AN AUTOGENERATED FILE. DO NOT EDIT THIS FILE DIRECTLY.
# yarn lockfile v1


"@jetbrains/eslint-config@^5.3.1":
  version "5.3.1"
  resolved "https://registry.yarnpkg.com/@jetbrains/eslint-config/-/eslint-config-5.3.1.tgz#a50f28dfd9159ad7521ed1f7136054c6cdb53ff7"
  integrity sha512-duQH/feMncnDhCr9K57nT4rc4DBvdJc2oPK6qzWFrghVsjQC9z9cnK1Vw0PC2wxrtwAZjJirUexjclUW87t6XQ==
